<Solution>
  <Folder Name="/src/">
    <Project Path="src/MHSeries.ModManager/MHSeries.ModManager.csproj" />
    <Project Path="src/HuntForge.Host/HuntForge.Host.csproj" />
  </Folder>
  <Folder Name="/tests/">
    <Project Path="tests/MHSeries.ModManager.Tests/MHSeries.ModManager.Tests.csproj" />
  </Folder>
</Solution>
